
Microsoft Visual Studio Solution File, Format Version 12.00
# Visual Studio Version 16
VisualStudioVersion = 25.0.1704.4
MinimumVisualStudioVersion = 10.0.40219.1
Project("{FAE04EC0-301F-11D3-BF4B-00C04F79EFBC}") = "Grade.Tool.WebApp", "Grade.Tool.WebApp\Grade.Tool.WebApp.csproj", "{373F9789-0BE7-49C6-B4D7-DB143582F047}"
EndProject
Global
	GlobalSection(SolutionConfigurationPlatforms) = preSolution
		Debug|Any CPU = Debug|Any CPU
		Release|Any CPU = Release|Any CPU
	EndGlobalSection
	GlobalSection(ProjectConfigurationPlatforms) = postSolution
		{373F9789-0BE7-49C6-B4D7-DB143582F047}.Debug|Any CPU.ActiveCfg = Debug|Any CPU
		{373F9789-0BE7-49C6-B4D7-DB143582F047}.Debug|Any CPU.Build.0 = Debug|Any CPU
		{373F9789-0BE7-49C6-B4D7-DB143582F047}.Release|Any CPU.ActiveCfg = Release|Any CPU
		{373F9789-0BE7-49C6-B4D7-DB143582F047}.Release|Any CPU.Build.0 = Release|Any CPU
	EndGlobalSection
	GlobalSection(SolutionProperties) = preSolution
		HideSolutionNode = FALSE
	EndGlobalSection
	GlobalSection(ExtensibilityGlobals) = postSolution
		SolutionGuid = {48E2DE4D-3F8B-42CD-8697-BCD4C0C522AA}
	EndGlobalSection
EndGlobal
